{
  "name": "helloworld",
  "version": "1.0.0",
  "lockfileVersion": 3,
  "requires": true,
  "packages": {
    "": {
      "name": "helloworld",
      "version": "1.0.0",
      "license": "Apache-2.0",
      "dependencies": {
        "@capacitor/core": "^3.3.3"
      }
    },
    "node_modules/@capacitor/core": {
      "version": "3.9.0",
      "resolved": "https://registry.npmjs.org/@capacitor/core/-/core-3.9.0.tgz",
      "integrity": "sha512-j1lL0+/7stY8YhIq1Lm6xixvUqIn89vtyH5ZpJNNmcZ0kwz6K9eLkcG6fvq1UWMDgSVZg9JrRGSFhb4LLoYOsw==",
      "dependencies": {
        "tslib": "^2.1.0"
      }
    },
    "node_modules/tslib": {
      "version": "2.5.0",
      "resolved": "https://registry.npmjs.org/tslib/-/tslib-2.5.0.tgz",
      "integrity": "sha512-336iVw3rtn2BUK7ORdIAHTyxHGRIHVReokCR3XjbckJMK7ms8FysBfhLR8IXnAgy7T0PTPNBWKiH514FOW/WSg=="
    }
  }
}
